
Microsoft Visual Studio Solution File, Format Version 12.00
# Visual Studio 15
VisualStudioVersion = 15.0.27703.2000
MinimumVisualStudioVersion = 10.0.40219.1
Project("{9A19103F-16F7-4668-BE54-9A1E7A4F7556}") = "Coroutines", "Coroutines\Coroutines.csproj", "{0991BBF8-5413-4D04-8CB8-452CCCDC2506}"
EndProject
Project("{9A19103F-16F7-4668-BE54-9A1E7A4F7556}") = "CoroutinesUnitTests", "CoroutinesUnitTests\CoroutinesUnitTests.csproj", "{74B0836C-DAC6-490A-A44E-50BCC14CD771}"
EndProject
Project("{9A19103F-16F7-4668-BE54-9A1E7A4F7556}") = "ReactorUnitTests", "ReactorUnitTests\ReactorUnitTests.csproj", "{BFB038CB-6131-4C33-9F67-7FE0F6C6D6B2}"
EndProject
Project("{9A19103F-16F7-4668-BE54-9A1E7A4F7556}") = "Reactors", "Reactors\Reactors.csproj", "{09107921-C896-41B8-8F94-A8B3BBC54158}"
EndProject
Project("{2150E333-8FDC-42A3-9474-1A3956D46DE8}") = "ChatExample", "ChatExample", "{CD745482-48FD-4E46-8167-854C1E4937F3}"
EndProject
Project("{FAE04EC0-301F-11D3-BF4B-00C04F79EFBC}") = "ChatService", "ChatExample\ChatService\ChatService.csproj", "{375CBDCC-C4E7-45DA-8FF0-A5457265C0CE}"
EndProject
Project("{FAE04EC0-301F-11D3-BF4B-00C04F79EFBC}") = "ChatServer", "ChatExample\ChatServer\ChatServer.csproj", "{04D9CF86-35EB-40EC-B4BD-8C7FCD2C8F9C}"
EndProject
Project("{FAE04EC0-301F-11D3-BF4B-00C04F79EFBC}") = "ChatClient", "ChatExample\ChatClient\ChatClient.csproj", "{B93FC020-5F13-49BC-A57D-8B19E8E6A0AD}"
EndProject
Global
	GlobalSection(SolutionConfigurationPlatforms) = preSolution
		Debug|Any CPU = Debug|Any CPU
		Release|Any CPU = Release|Any CPU
	EndGlobalSection
	GlobalSection(ProjectConfigurationPlatforms) = postSolution
		{0991BBF8-5413-4D04-8CB8-452CCCDC2506}.Debug|Any CPU.ActiveCfg = Debug|Any CPU
		{0991BBF8-5413-4D04-8CB8-452CCCDC2506}.Debug|Any CPU.Build.0 = Debug|Any CPU
		{0991BBF8-5413-4D04-8CB8-452CCCDC2506}.Release|Any CPU.ActiveCfg = Release|Any CPU
		{0991BBF8-5413-4D04-8CB8-452CCCDC2506}.Release|Any CPU.Build.0 = Release|Any CPU
		{74B0836C-DAC6-490A-A44E-50BCC14CD771}.Debug|Any CPU.ActiveCfg = Debug|Any CPU
		{74B0836C-DAC6-490A-A44E-50BCC14CD771}.Debug|Any CPU.Build.0 = Debug|Any CPU
		{74B0836C-DAC6-490A-A44E-50BCC14CD771}.Release|Any CPU.ActiveCfg = Release|Any CPU
		{74B0836C-DAC6-490A-A44E-50BCC14CD771}.Release|Any CPU.Build.0 = Release|Any CPU
		{BFB038CB-6131-4C33-9F67-7FE0F6C6D6B2}.Debug|Any CPU.ActiveCfg = Debug|Any CPU
		{BFB038CB-6131-4C33-9F67-7FE0F6C6D6B2}.Debug|Any CPU.Build.0 = Debug|Any CPU
		{BFB038CB-6131-4C33-9F67-7FE0F6C6D6B2}.Release|Any CPU.ActiveCfg = Release|Any CPU
		{BFB038CB-6131-4C33-9F67-7FE0F6C6D6B2}.Release|Any CPU.Build.0 = Release|Any CPU
		{09107921-C896-41B8-8F94-A8B3BBC54158}.Debug|Any CPU.ActiveCfg = Debug|Any CPU
		{09107921-C896-41B8-8F94-A8B3BBC54158}.Debug|Any CPU.Build.0 = Debug|Any CPU
		{09107921-C896-41B8-8F94-A8B3BBC54158}.Release|Any CPU.ActiveCfg = Release|Any CPU
		{09107921-C896-41B8-8F94-A8B3BBC54158}.Release|Any CPU.Build.0 = Release|Any CPU
		{375CBDCC-C4E7-45DA-8FF0-A5457265C0CE}.Debug|Any CPU.ActiveCfg = Debug|Any CPU
		{375CBDCC-C4E7-45DA-8FF0-A5457265C0CE}.Debug|Any CPU.Build.0 = Debug|Any CPU
		{375CBDCC-C4E7-45DA-8FF0-A5457265C0CE}.Release|Any CPU.ActiveCfg = Release|Any CPU
		{375CBDCC-C4E7-45DA-8FF0-A5457265C0CE}.Release|Any CPU.Build.0 = Release|Any CPU
		{04D9CF86-35EB-40EC-B4BD-8C7FCD2C8F9C}.Debug|Any CPU.ActiveCfg = Debug|Any CPU
		{04D9CF86-35EB-40EC-B4BD-8C7FCD2C8F9C}.Debug|Any CPU.Build.0 = Debug|Any CPU
		{04D9CF86-35EB-40EC-B4BD-8C7FCD2C8F9C}.Release|Any CPU.ActiveCfg = Release|Any CPU
		{04D9CF86-35EB-40EC-B4BD-8C7FCD2C8F9C}.Release|Any CPU.Build.0 = Release|Any CPU
		{B93FC020-5F13-49BC-A57D-8B19E8E6A0AD}.Debug|Any CPU.ActiveCfg = Debug|Any CPU
		{B93FC020-5F13-49BC-A57D-8B19E8E6A0AD}.Debug|Any CPU.Build.0 = Debug|Any CPU
		{B93FC020-5F13-49BC-A57D-8B19E8E6A0AD}.Release|Any CPU.ActiveCfg = Release|Any CPU
		{B93FC020-5F13-49BC-A57D-8B19E8E6A0AD}.Release|Any CPU.Build.0 = Release|Any CPU
	EndGlobalSection
	GlobalSection(SolutionProperties) = preSolution
		HideSolutionNode = FALSE
	EndGlobalSection
	GlobalSection(NestedProjects) = preSolution
		{375CBDCC-C4E7-45DA-8FF0-A5457265C0CE} = {CD745482-48FD-4E46-8167-854C1E4937F3}
		{04D9CF86-35EB-40EC-B4BD-8C7FCD2C8F9C} = {CD745482-48FD-4E46-8167-854C1E4937F3}
		{B93FC020-5F13-49BC-A57D-8B19E8E6A0AD} = {CD745482-48FD-4E46-8167-854C1E4937F3}
	EndGlobalSection
	GlobalSection(ExtensibilityGlobals) = postSolution
		SolutionGuid = {7EDBA807-D6FD-49FE-AC72-84CCE9FBBB58}
	EndGlobalSection
EndGlobal
